<Solution>
  <Project Path="ADOPM3_11_06\ADOPM3_11_06.csproj" />
  <Project Path="ADOPM3_11_07\ADOPM3_11_07.csproj" />
  <Project Path="ADOPM3_11_08\ADOPM3_11_08.csproj" />
  <Project Path="ADOPM3_11_09\ADOPM3_11_09.csproj" />
  <Project Path="ADOPM3_11_10\ADOPM3_11_10.csproj" />
  <Project Path="ADOPM3_11_11\ADOPM3_11_11.csproj" />
  <Project Path="ADOPM3_11_12\ADOPM3_11_12.csproj" />
</Solution>
